
Microsoft Visual Studio Solution File, Format Version 12.00
# Visual Studio Version 17
VisualStudioVersion = 17.14.36401.2
MinimumVisualStudioVersion = 10.0.40219.1
Project("{FAE04EC0-301F-11D3-BF4B-00C04F79EFBC}") = "ProjetoUm", "ProjetoUm\ProjetoUm.csproj", "{F45E7987-AC6F-40FD-8D23-6C2086F5B228}"
EndProject
Project("{FAE04EC0-301F-11D3-BF4B-00C04F79EFBC}") = "Teste2Aula2", "Teste2Aula2\Teste2Aula2.csproj", "{D9352861-7191-4CDF-A285-18027C1971A7}"
EndProject
Project("{FAE04EC0-301F-11D3-BF4B-00C04F79EFBC}") = "Teste3Aula2", "Teste3Aula2\Teste3Aula2.csproj", "{DC5775A6-1E8B-48B6-A06C-FCC211247D4A}"
EndProject
Project("{FAE04EC0-301F-11D3-BF4B-00C04F79EFBC}") = "4Perguntas", "4Perguntas\4Perguntas.csproj", "{68209612-FE83-4BA5-AA8D-54BAA5CB5C00}"
EndProject
Project("{FAE04EC0-301F-11D3-BF4B-00C04F79EFBC}") = "ConversaoDeDados", "ConversaoDeDados\ConversaoDeDados.csproj", "{466BCD15-762B-4E48-865F-CA7C036F36FA}"
EndProject
Project("{FAE04EC0-301F-11D3-BF4B-00C04F79EFBC}") = "MediaDoAluno", "MediaDoAluno\MediaDoAluno.csproj", "{E2E05D14-4D9C-45FC-961B-0ABCDF1EF589}"
EndProject
Global
	GlobalSection(SolutionConfigurationPlatforms) = preSolution
		Debug|Any CPU = Debug|Any CPU
		Release|Any CPU = Release|Any CPU
	EndGlobalSection
	GlobalSection(ProjectConfigurationPlatforms) = postSolution
		{F45E7987-AC6F-40FD-8D23-6C2086F5B228}.Debug|Any CPU.ActiveCfg = Debug|Any CPU
		{F45E7987-AC6F-40FD-8D23-6C2086F5B228}.Debug|Any CPU.Build.0 = Debug|Any CPU
		{F45E7987-AC6F-40FD-8D23-6C2086F5B228}.Release|Any CPU.ActiveCfg = Release|Any CPU
		{F45E7987-AC6F-40FD-8D23-6C2086F5B228}.Release|Any CPU.Build.0 = Release|Any CPU
		{D9352861-7191-4CDF-A285-18027C1971A7}.Debug|Any CPU.ActiveCfg = Debug|Any CPU
		{D9352861-7191-4CDF-A285-18027C1971A7}.Debug|Any CPU.Build.0 = Debug|Any CPU
		{D9352861-7191-4CDF-A285-18027C1971A7}.Release|Any CPU.ActiveCfg = Release|Any CPU
		{D9352861-7191-4CDF-A285-18027C1971A7}.Release|Any CPU.Build.0 = Release|Any CPU
		{DC5775A6-1E8B-48B6-A06C-FCC211247D4A}.Debug|Any CPU.ActiveCfg = Debug|Any CPU
		{DC5775A6-1E8B-48B6-A06C-FCC211247D4A}.Debug|Any CPU.Build.0 = Debug|Any CPU
		{DC5775A6-1E8B-48B6-A06C-FCC211247D4A}.Release|Any CPU.ActiveCfg = Release|Any CPU
		{DC5775A6-1E8B-48B6-A06C-FCC211247D4A}.Release|Any CPU.Build.0 = Release|Any CPU
		{68209612-FE83-4BA5-AA8D-54BAA5CB5C00}.Debug|Any CPU.ActiveCfg = Debug|Any CPU
		{68209612-FE83-4BA5-AA8D-54BAA5CB5C00}.Debug|Any CPU.Build.0 = Debug|Any CPU
		{68209612-FE83-4BA5-AA8D-54BAA5CB5C00}.Release|Any CPU.ActiveCfg = Release|Any CPU
		{68209612-FE83-4BA5-AA8D-54BAA5CB5C00}.Release|Any CPU.Build.0 = Release|Any CPU
		{466BCD15-762B-4E48-865F-CA7C036F36FA}.Debug|Any CPU.ActiveCfg = Debug|Any CPU
		{466BCD15-762B-4E48-865F-CA7C036F36FA}.Debug|Any CPU.Build.0 = Debug|Any CPU
		{466BCD15-762B-4E48-865F-CA7C036F36FA}.Release|Any CPU.ActiveCfg = Release|Any CPU
		{466BCD15-762B-4E48-865F-CA7C036F36FA}.Release|Any CPU.Build.0 = Release|Any CPU
		{E2E05D14-4D9C-45FC-961B-0ABCDF1EF589}.Debug|Any CPU.ActiveCfg = Debug|Any CPU
		{E2E05D14-4D9C-45FC-961B-0ABCDF1EF589}.Debug|Any CPU.Build.0 = Debug|Any CPU
		{E2E05D14-4D9C-45FC-961B-0ABCDF1EF589}.Release|Any CPU.ActiveCfg = Release|Any CPU
		{E2E05D14-4D9C-45FC-961B-0ABCDF1EF589}.Release|Any CPU.Build.0 = Release|Any CPU
	EndGlobalSection
	GlobalSection(SolutionProperties) = preSolution
		HideSolutionNode = FALSE
	EndGlobalSection
	GlobalSection(ExtensibilityGlobals) = postSolution
		SolutionGuid = {4F742121-C946-4533-A1FF-026FE4BAE298}
	EndGlobalSection
EndGlobal
