
Microsoft Visual Studio Solution File, Format Version 12.00
# Visual Studio Version 17
VisualStudioVersion = 17.14.36408.4
MinimumVisualStudioVersion = 10.0.40219.1
Project("{FAE04EC0-301F-11D3-BF4B-00C04F79EFBC}") = "AtividadeDePortifolio", "AtividadeDePortifolio\AtividadeDePortifolio.csproj", "{15AE608D-030B-47B8-89DE-49D99D811479}"
EndProject
Project("{FAE04EC0-301F-11D3-BF4B-00C04F79EFBC}") = "PedidoDaLanchonete", "PedidoDaLanchonete\PedidoDaLanchonete.csproj", "{9E1A77E6-CC23-4A84-9131-89E19ED046DC}"
EndProject
Global
	GlobalSection(SolutionConfigurationPlatforms) = preSolution
		Debug|Any CPU = Debug|Any CPU
		Release|Any CPU = Release|Any CPU
	EndGlobalSection
	GlobalSection(ProjectConfigurationPlatforms) = postSolution
		{15AE608D-030B-47B8-89DE-49D99D811479}.Debug|Any CPU.ActiveCfg = Debug|Any CPU
		{15AE608D-030B-47B8-89DE-49D99D811479}.Debug|Any CPU.Build.0 = Debug|Any CPU
		{15AE608D-030B-47B8-89DE-49D99D811479}.Release|Any CPU.ActiveCfg = Release|Any CPU
		{15AE608D-030B-47B8-89DE-49D99D811479}.Release|Any CPU.Build.0 = Release|Any CPU
		{9E1A77E6-CC23-4A84-9131-89E19ED046DC}.Debug|Any CPU.ActiveCfg = Debug|Any CPU
		{9E1A77E6-CC23-4A84-9131-89E19ED046DC}.Debug|Any CPU.Build.0 = Debug|Any CPU
		{9E1A77E6-CC23-4A84-9131-89E19ED046DC}.Release|Any CPU.ActiveCfg = Release|Any CPU
		{9E1A77E6-CC23-4A84-9131-89E19ED046DC}.Release|Any CPU.Build.0 = Release|Any CPU
	EndGlobalSection
	GlobalSection(SolutionProperties) = preSolution
		HideSolutionNode = FALSE
	EndGlobalSection
	GlobalSection(ExtensibilityGlobals) = postSolution
		SolutionGuid = {BD536D1C-73E6-465E-AD1A-8523DF23F8FE}
	EndGlobalSection
EndGlobal
